ur3e_gym: #namespace
    # General Agent parameters
    env_id: "UR3ePushBlockEnv-v0"
    controller_type: "parallel_position_force" # or "admittance"

    ft_sensor: True
    relative_to_ee: False
    robot_control_dt: 0.002
    agent_control_dt: 0.05
    reset_time: 2.0

    steps_per_episode: 500
    
    ft_hist: False
    actor_class: "default"

    rand_seed: 10   
    rand_interval: 1

    randomize_button_properties: False
    block_initial_pose: [0.35, 0.07, 0.7, 0, 0, 0]
    block_size: 0.05
    block_mass: 0.5
    block_friction: 0
    block_stiffness: 1e5

    duration_as_obs: True
    
    # initial conditions
    random_initial_pose: False
    # for each dimension define upper and lower bound from initial pose
    workspace: [[0.1,-0.1], [0.1, -0.1], [0.05, -0.05], [20, -20], [20, -20], [20, -20]]
    init_q: [1.5045, -1.2728, 1.2578, -1.5366, -1.5731, -0.0641]

    target_duration: 3
    target_pose_uncertain: False
    uncertainty_std: [0.001, 0.0]
    random_target_pose: False
    target_pose: [-0.101, 0.40824, 0.14391, 0.7072, 0.70637, -0.00665, 0.02936]
    # actions parameters 
    n_actions: 18
    
    # Reward parameters
    tgt_pose_indices: [0,1,2,3,4,5]
    
    position_threshold: 0.01
    orientation_threshold: 0.03

    reward_type: 'dense-pdft'

    cost:
        collision: -100.0
        
# Controller parameters
ur3e_force_control:
    n_actions: 18
    robot_control_dt: 0.002

    max_force_torque: [40.0, 40.0, 40.0, 2, 2, 2]
    desired_force_torque: [0.0, 0.0, 0.0, 0.0, 0.0, 0.0]
    
    # parallel control parameters
    pd_range_type: 'mult' # or 'sum'
    base_position_kp: [4.0, 4.0, 4.0, 10.0, 10.0, 10.0]
    kpd_range: 2
    base_force_kp: [5.0e-3, 5.0e-3, 5.0e-3, 2.5e-1, 2.5e-1, 2.5e-1]
    kpi_range: 2
    
    alpha: [0.5,0.5,0.5,0.5,0.5,0.5] # keep a degree of compliance
    alpha_base: 0.5
    alpha_range: 0.4